PODS:
  - PickerController (0.1.2):
    - SwiftyJSON (~> 4.0)
  - SwiftyJSON (4.2.0)

DEPENDENCIES:
  - PickerController (from `../`)

SPEC REPOS:
  https://github.com/cocoapods/specs.git:
    - SwiftyJSON

EXTERNAL SOURCES:
  PickerController:
    :path: "../"

SPEC CHECKSUMS:
  PickerController: 51ea71f818cfa8083288fd639971d6e739502944
  SwiftyJSON: c4bcba26dd9ec7a027fc8eade48e2c911f229e96

PODFILE CHECKSUM: 5cfd8a4f1a56a0d1f776205c6978c82c8027f071

COCOAPODS: 1.5.3
